PODS:
  - Flutter (1.0.0)
  - rust_lib_flutter_rust (0.0.1):
    - Flutter

DEPENDENCIES:
  - Flutter (from `Flutter`)
  - rust_lib_flutter_rust (from `.symlinks/plugins/rust_lib_flutter_rust/ios`)

EXTERNAL SOURCES:
  Flutter:
    :path: Flutter
  rust_lib_flutter_rust:
    :path: ".symlinks/plugins/rust_lib_flutter_rust/ios"

SPEC CHECKSUMS:
  Flutter: e0871f40cf51350855a761d2e70bf5af5b9b5de7
  rust_lib_flutter_rust: 8d7b01d62320896592346b78778ad66478188a1c

PODFILE CHECKSUM: 819463e6a0290f5a72f145ba7cde16e8b6ef0796

COCOAPODS: 1.14.3
